
Microsoft Visual Studio Solution File, Format Version 10.00
# Visual Studio 2008
Project("{FAE04EC0-301F-11D3-BF4B-00C04F79EFBC}") = "MigrationScriptGenerator", "MigrationScriptGenerator\MigrationScriptGenerator.csproj", "{0CDD69CD-4551-4272-89FE-4D96D3BCF9BB}"
EndProject
Global
	GlobalSection(SubversionScc) = preSolution
		Svn-Managed = True
		Manager = AnkhSVN - Subversion Support for Visual Studio
	EndGlobalSection
	GlobalSection(SolutionConfigurationPlatforms) = preSolution
		Debug|Any CPU = Debug|Any CPU
		Release|Any CPU = Release|Any CPU
	EndGlobalSection
	GlobalSection(ProjectConfigurationPlatforms) = postSolution
		{0CDD69CD-4551-4272-89FE-4D96D3BCF9BB}.Debug|Any CPU.ActiveCfg = Debug|Any CPU
		{0CDD69CD-4551-4272-89FE-4D96D3BCF9BB}.Debug|Any CPU.Build.0 = Debug|Any CPU
		{0CDD69CD-4551-4272-89FE-4D96D3BCF9BB}.Release|Any CPU.ActiveCfg = Release|Any CPU
		{0CDD69CD-4551-4272-89FE-4D96D3BCF9BB}.Release|Any CPU.Build.0 = Release|Any CPU
	EndGlobalSection
	GlobalSection(SolutionProperties) = preSolution
		HideSolutionNode = FALSE
	EndGlobalSection
EndGlobal
